
Microsoft Visual Studio Solution File, Format Version 12.00
# Visual Studio Version 16
VisualStudioVersion = 16.0.31129.286
MinimumVisualStudioVersion = 10.0.40219.1
Project("{9A19103F-16F7-4668-BE54-9A1E7A4F7556}") = "MyAssignment", "MyAssignment\MyAssignment.csproj", "{66FDD49E-8CC7-4FCB-91A3-7953E2844773}"
EndProject
Project("{9A19103F-16F7-4668-BE54-9A1E7A4F7556}") = "CustomerSite", "CustomerSite\CustomerSite.csproj", "{90795E9F-05F2-4CD5-8E37-F3A13322207B}"
EndProject
Project("{9A19103F-16F7-4668-BE54-9A1E7A4F7556}") = "Assignment.Shared", "Assignment.Shared\Assignment.Shared.csproj", "{9C6CCE11-B4CB-419C-BFD2-0253E84DC466}"
EndProject
Project("{FAE04EC0-301F-11D3-BF4B-00C04F79EFBC}") = "Assignment.Test", "Assignment.Test\Assignment.Test.csproj", "{B69104DF-FC6B-420F-AB21-78CB057B482A}"
EndProject
Global
	GlobalSection(SolutionConfigurationPlatforms) = preSolution
		Debug|Any CPU = Debug|Any CPU
		Release|Any CPU = Release|Any CPU
	EndGlobalSection
	GlobalSection(ProjectConfigurationPlatforms) = postSolution
		{66FDD49E-8CC7-4FCB-91A3-7953E2844773}.Debug|Any CPU.ActiveCfg = Debug|Any CPU
		{66FDD49E-8CC7-4FCB-91A3-7953E2844773}.Debug|Any CPU.Build.0 = Debug|Any CPU
		{66FDD49E-8CC7-4FCB-91A3-7953E2844773}.Release|Any CPU.ActiveCfg = Release|Any CPU
		{66FDD49E-8CC7-4FCB-91A3-7953E2844773}.Release|Any CPU.Build.0 = Release|Any CPU
		{90795E9F-05F2-4CD5-8E37-F3A13322207B}.Debug|Any CPU.ActiveCfg = Debug|Any CPU
		{90795E9F-05F2-4CD5-8E37-F3A13322207B}.Debug|Any CPU.Build.0 = Debug|Any CPU
		{90795E9F-05F2-4CD5-8E37-F3A13322207B}.Release|Any CPU.ActiveCfg = Release|Any CPU
		{90795E9F-05F2-4CD5-8E37-F3A13322207B}.Release|Any CPU.Build.0 = Release|Any CPU
		{9C6CCE11-B4CB-419C-BFD2-0253E84DC466}.Debug|Any CPU.ActiveCfg = Debug|Any CPU
		{9C6CCE11-B4CB-419C-BFD2-0253E84DC466}.Debug|Any CPU.Build.0 = Debug|Any CPU
		{9C6CCE11-B4CB-419C-BFD2-0253E84DC466}.Release|Any CPU.ActiveCfg = Release|Any CPU
		{9C6CCE11-B4CB-419C-BFD2-0253E84DC466}.Release|Any CPU.Build.0 = Release|Any CPU
		{B69104DF-FC6B-420F-AB21-78CB057B482A}.Debug|Any CPU.ActiveCfg = Debug|Any CPU
		{B69104DF-FC6B-420F-AB21-78CB057B482A}.Debug|Any CPU.Build.0 = Debug|Any CPU
		{B69104DF-FC6B-420F-AB21-78CB057B482A}.Release|Any CPU.ActiveCfg = Release|Any CPU
		{B69104DF-FC6B-420F-AB21-78CB057B482A}.Release|Any CPU.Build.0 = Release|Any CPU
	EndGlobalSection
	GlobalSection(SolutionProperties) = preSolution
		HideSolutionNode = FALSE
	EndGlobalSection
	GlobalSection(ExtensibilityGlobals) = postSolution
		SolutionGuid = {30076449-57E6-4CB0-9E74-9ACB10AA2F0D}
	EndGlobalSection
EndGlobal
